
Microsoft Visual Studio Solution File, Format Version 12.00
# Visual Studio Version 17
VisualStudioVersion = 17.8.34316.72
MinimumVisualStudioVersion = 10.0.40219.1
Project("{FAE04EC0-301F-11D3-BF4B-00C04F79EFBC}") = "Lab9", "Lab9\Lab9.csproj", "{4DA812A9-6B9C-40BA-AF35-D93430EA19F3}"
EndProject
Project("{FAE04EC0-301F-11D3-BF4B-00C04F79EFBC}") = "UnitTests", "UnitTests\UnitTests.csproj", "{C2EF7F58-241A-4794-9FD9-16DEBB572171}"
EndProject
Global
	GlobalSection(SolutionConfigurationPlatforms) = preSolution
		Debug|Any CPU = Debug|Any CPU
		Release|Any CPU = Release|Any CPU
	EndGlobalSection
	GlobalSection(ProjectConfigurationPlatforms) = postSolution
		{4DA812A9-6B9C-40BA-AF35-D93430EA19F3}.Debug|Any CPU.ActiveCfg = Debug|Any CPU
		{4DA812A9-6B9C-40BA-AF35-D93430EA19F3}.Debug|Any CPU.Build.0 = Debug|Any CPU
		{4DA812A9-6B9C-40BA-AF35-D93430EA19F3}.Release|Any CPU.ActiveCfg = Release|Any CPU
		{4DA812A9-6B9C-40BA-AF35-D93430EA19F3}.Release|Any CPU.Build.0 = Release|Any CPU
		{C2EF7F58-241A-4794-9FD9-16DEBB572171}.Debug|Any CPU.ActiveCfg = Debug|Any CPU
		{C2EF7F58-241A-4794-9FD9-16DEBB572171}.Debug|Any CPU.Build.0 = Debug|Any CPU
		{C2EF7F58-241A-4794-9FD9-16DEBB572171}.Release|Any CPU.ActiveCfg = Release|Any CPU
		{C2EF7F58-241A-4794-9FD9-16DEBB572171}.Release|Any CPU.Build.0 = Release|Any CPU
	EndGlobalSection
	GlobalSection(SolutionProperties) = preSolution
		HideSolutionNode = FALSE
	EndGlobalSection
	GlobalSection(ExtensibilityGlobals) = postSolution
		SolutionGuid = {E91253F1-E529-4B3E-957B-36AE3426D686}
	EndGlobalSection
EndGlobal
